
Microsoft Visual Studio Solution File, Format Version 12.00
Project("{2150E333-8FDC-42A3-9474-1A3956D46DE8}") = "src", "src", "{F9A84E9C-1D4A-41A9-B46C-4552F64AC30F}"
EndProject
Project("{2150E333-8FDC-42A3-9474-1A3956D46DE8}") = "services", "services", "{299CD2BA-E73E-47F3-8917-033F653756BA}"
EndProject
Project("{FAE04EC0-301F-11D3-BF4B-00C04F79EFBC}") = "HangFire", "HangFire\HangFire.csproj", "{429FC32E-F252-41BD-B6F3-F61F7832117B}"
EndProject
Project("{FAE04EC0-301F-11D3-BF4B-00C04F79EFBC}") = "QuartzJobs", "QuartzJobs\QuartzJobs.csproj", "{CCCC1066-B907-4C54-B08A-8D843B858590}"
EndProject
Global
	GlobalSection(SolutionConfigurationPlatforms) = preSolution
		Debug|Any CPU = Debug|Any CPU
		Release|Any CPU = Release|Any CPU
	EndGlobalSection
	GlobalSection(NestedProjects) = preSolution
		{299CD2BA-E73E-47F3-8917-033F653756BA} = {F9A84E9C-1D4A-41A9-B46C-4552F64AC30F}
		{429FC32E-F252-41BD-B6F3-F61F7832117B} = {299CD2BA-E73E-47F3-8917-033F653756BA}
		{CCCC1066-B907-4C54-B08A-8D843B858590} = {299CD2BA-E73E-47F3-8917-033F653756BA}
	EndGlobalSection
	GlobalSection(ProjectConfigurationPlatforms) = postSolution
		{429FC32E-F252-41BD-B6F3-F61F7832117B}.Debug|Any CPU.ActiveCfg = Debug|Any CPU
		{429FC32E-F252-41BD-B6F3-F61F7832117B}.Debug|Any CPU.Build.0 = Debug|Any CPU
		{429FC32E-F252-41BD-B6F3-F61F7832117B}.Release|Any CPU.ActiveCfg = Release|Any CPU
		{429FC32E-F252-41BD-B6F3-F61F7832117B}.Release|Any CPU.Build.0 = Release|Any CPU
		{CCCC1066-B907-4C54-B08A-8D843B858590}.Debug|Any CPU.ActiveCfg = Debug|Any CPU
		{CCCC1066-B907-4C54-B08A-8D843B858590}.Debug|Any CPU.Build.0 = Debug|Any CPU
		{CCCC1066-B907-4C54-B08A-8D843B858590}.Release|Any CPU.ActiveCfg = Release|Any CPU
		{CCCC1066-B907-4C54-B08A-8D843B858590}.Release|Any CPU.Build.0 = Release|Any CPU
	EndGlobalSection
EndGlobal
